
Microsoft Visual Studio Solution File, Format Version 12.00
# Visual Studio Version 16
VisualStudioVersion = 16.0.28729.10
MinimumVisualStudioVersion = 10.0.40219.1
Project("{8BC9CEB8-8B4A-11D0-8D11-00A0C91BC942}") = "lab5.4", "lab5.4.vcxproj", "{22628498-FFDB-4C9E-BE8A-792E0EB2670F}"
EndProject
Global
	GlobalSection(SolutionConfigurationPlatforms) = preSolution
		Debug|x64 = Debug|x64
		Debug|x86 = Debug|x86
		Release|x64 = Release|x64
		Release|x86 = Release|x86
	EndGlobalSection
	GlobalSection(ProjectConfigurationPlatforms) = postSolution
		{22628498-FFDB-4C9E-BE8A-792E0EB2670F}.Debug|x64.ActiveCfg = Debug|x64
		{22628498-FFDB-4C9E-BE8A-792E0EB2670F}.Debug|x64.Build.0 = Debug|x64
		{22628498-FFDB-4C9E-BE8A-792E0EB2670F}.Debug|x86.ActiveCfg = Debug|Win32
		{22628498-FFDB-4C9E-BE8A-792E0EB2670F}.Debug|x86.Build.0 = Debug|Win32
		{22628498-FFDB-4C9E-BE8A-792E0EB2670F}.Release|x64.ActiveCfg = Release|x64
		{22628498-FFDB-4C9E-BE8A-792E0EB2670F}.Release|x64.Build.0 = Release|x64
		{22628498-FFDB-4C9E-BE8A-792E0EB2670F}.Release|x86.ActiveCfg = Release|Win32
		{22628498-FFDB-4C9E-BE8A-792E0EB2670F}.Release|x86.Build.0 = Release|Win32
	EndGlobalSection
	GlobalSection(SolutionProperties) = preSolution
		HideSolutionNode = FALSE
	EndGlobalSection
	GlobalSection(ExtensibilityGlobals) = postSolution
		SolutionGuid = {FE4324F5-A552-436E-8799-E386140536F0}
	EndGlobalSection
EndGlobal
